
Microsoft Visual Studio Solution File, Format Version 12.00
# Visual Studio Version 17
VisualStudioVersion = 17.14.36414.22
MinimumVisualStudioVersion = 10.0.40219.1
Project("{A07B5EB6-E848-4116-A8D0-A826331D98C6}") = "TravelPlannerSF", "TravelPlannerSF\TravelPlannerSF.sfproj", "{0FA8F3EF-B870-4BED-B619-DDF16EE7A921}"
EndProject
Project("{FAE04EC0-301F-11D3-BF4B-00C04F79EFBC}") = "TravelPlanner.Api", "TravelPlanner.Api\TravelPlanner.Api.csproj", "{A603C2E8-0800-4B3B-8CD1-5B7AC1023285}"
EndProject
Project("{FAE04EC0-301F-11D3-BF4B-00C04F79EFBC}") = "TravelPlanner.Contracts", "TravelPlanner.Contracts\TravelPlanner.Contracts.csproj", "{6BDBBE65-F99F-4A91-8C5D-F13BF1618E6E}"
EndProject
Project("{FAE04EC0-301F-11D3-BF4B-00C04F79EFBC}") = "TravelPlanner.AuthService", "TravelPlanner.AuthService\TravelPlanner.AuthService.csproj", "{2AE8A24D-765D-4AB0-8B0E-34D0CE27D85A}"
EndProject
Project("{FAE04EC0-301F-11D3-BF4B-00C04F79EFBC}") = "TravelPlanner.TripService", "TravelPlanner.TripService\TravelPlanner.TripService.csproj", "{FEA2619C-65BB-4DF7-A8CC-E71CEB2724A1}"
EndProject
Project("{FAE04EC0-301F-11D3-BF4B-00C04F79EFBC}") = "TravelPlanner.NotificationService", "TravelPlanner.NotificationService\TravelPlanner.NotificationService.csproj", "{34147E51-92DA-403C-84B2-14951A7D4BAD}"
EndProject
Global
	GlobalSection(SolutionConfigurationPlatforms) = preSolution
		Debug|Any CPU = Debug|Any CPU
		Debug|x64 = Debug|x64
		Release|Any CPU = Release|Any CPU
		Release|x64 = Release|x64
	EndGlobalSection
	GlobalSection(ProjectConfigurationPlatforms) = postSolution
		{0FA8F3EF-B870-4BED-B619-DDF16EE7A921}.Debug|Any CPU.ActiveCfg = Debug|x64
		{0FA8F3EF-B870-4BED-B619-DDF16EE7A921}.Debug|Any CPU.Build.0 = Debug|x64
		{0FA8F3EF-B870-4BED-B619-DDF16EE7A921}.Debug|Any CPU.Deploy.0 = Debug|x64
		{0FA8F3EF-B870-4BED-B619-DDF16EE7A921}.Debug|x64.ActiveCfg = Debug|x64
		{0FA8F3EF-B870-4BED-B619-DDF16EE7A921}.Debug|x64.Build.0 = Debug|x64
		{0FA8F3EF-B870-4BED-B619-DDF16EE7A921}.Debug|x64.Deploy.0 = Debug|x64
		{0FA8F3EF-B870-4BED-B619-DDF16EE7A921}.Release|Any CPU.ActiveCfg = Release|x64
		{0FA8F3EF-B870-4BED-B619-DDF16EE7A921}.Release|Any CPU.Build.0 = Release|x64
		{0FA8F3EF-B870-4BED-B619-DDF16EE7A921}.Release|Any CPU.Deploy.0 = Release|x64
		{0FA8F3EF-B870-4BED-B619-DDF16EE7A921}.Release|x64.ActiveCfg = Release|x64
		{0FA8F3EF-B870-4BED-B619-DDF16EE7A921}.Release|x64.Build.0 = Release|x64
		{0FA8F3EF-B870-4BED-B619-DDF16EE7A921}.Release|x64.Deploy.0 = Release|x64
		{A603C2E8-0800-4B3B-8CD1-5B7AC1023285}.Debug|Any CPU.ActiveCfg = Debug|Any CPU
		{A603C2E8-0800-4B3B-8CD1-5B7AC1023285}.Debug|Any CPU.Build.0 = Debug|Any CPU
		{A603C2E8-0800-4B3B-8CD1-5B7AC1023285}.Debug|x64.ActiveCfg = Debug|Any CPU
		{A603C2E8-0800-4B3B-8CD1-5B7AC1023285}.Debug|x64.Build.0 = Debug|Any CPU
		{A603C2E8-0800-4B3B-8CD1-5B7AC1023285}.Release|Any CPU.ActiveCfg = Release|Any CPU
		{A603C2E8-0800-4B3B-8CD1-5B7AC1023285}.Release|Any CPU.Build.0 = Release|Any CPU
		{A603C2E8-0800-4B3B-8CD1-5B7AC1023285}.Release|x64.ActiveCfg = Release|Any CPU
		{A603C2E8-0800-4B3B-8CD1-5B7AC1023285}.Release|x64.Build.0 = Release|Any CPU
		{6BDBBE65-F99F-4A91-8C5D-F13BF1618E6E}.Debug|Any CPU.ActiveCfg = Debug|Any CPU
		{6BDBBE65-F99F-4A91-8C5D-F13BF1618E6E}.Debug|Any CPU.Build.0 = Debug|Any CPU
		{6BDBBE65-F99F-4A91-8C5D-F13BF1618E6E}.Debug|x64.ActiveCfg = Debug|Any CPU
		{6BDBBE65-F99F-4A91-8C5D-F13BF1618E6E}.Debug|x64.Build.0 = Debug|Any CPU
		{6BDBBE65-F99F-4A91-8C5D-F13BF1618E6E}.Release|Any CPU.ActiveCfg = Release|Any CPU
		{6BDBBE65-F99F-4A91-8C5D-F13BF1618E6E}.Release|Any CPU.Build.0 = Release|Any CPU
		{6BDBBE65-F99F-4A91-8C5D-F13BF1618E6E}.Release|x64.ActiveCfg = Release|Any CPU
		{6BDBBE65-F99F-4A91-8C5D-F13BF1618E6E}.Release|x64.Build.0 = Release|Any CPU
		{2AE8A24D-765D-4AB0-8B0E-34D0CE27D85A}.Debug|Any CPU.ActiveCfg = Debug|Any CPU
		{2AE8A24D-765D-4AB0-8B0E-34D0CE27D85A}.Debug|Any CPU.Build.0 = Debug|Any CPU
		{2AE8A24D-765D-4AB0-8B0E-34D0CE27D85A}.Debug|x64.ActiveCfg = Debug|Any CPU
		{2AE8A24D-765D-4AB0-8B0E-34D0CE27D85A}.Debug|x64.Build.0 = Debug|Any CPU
		{2AE8A24D-765D-4AB0-8B0E-34D0CE27D85A}.Release|Any CPU.ActiveCfg = Release|Any CPU
		{2AE8A24D-765D-4AB0-8B0E-34D0CE27D85A}.Release|Any CPU.Build.0 = Release|Any CPU
		{2AE8A24D-765D-4AB0-8B0E-34D0CE27D85A}.Release|x64.ActiveCfg = Release|Any CPU
		{2AE8A24D-765D-4AB0-8B0E-34D0CE27D85A}.Release|x64.Build.0 = Release|Any CPU
		{FEA2619C-65BB-4DF7-A8CC-E71CEB2724A1}.Debug|Any CPU.ActiveCfg = Debug|Any CPU
		{FEA2619C-65BB-4DF7-A8CC-E71CEB2724A1}.Debug|Any CPU.Build.0 = Debug|Any CPU
		{FEA2619C-65BB-4DF7-A8CC-E71CEB2724A1}.Debug|x64.ActiveCfg = Debug|Any CPU
		{FEA2619C-65BB-4DF7-A8CC-E71CEB2724A1}.Debug|x64.Build.0 = Debug|Any CPU
		{FEA2619C-65BB-4DF7-A8CC-E71CEB2724A1}.Release|Any CPU.ActiveCfg = Release|Any CPU
		{FEA2619C-65BB-4DF7-A8CC-E71CEB2724A1}.Release|Any CPU.Build.0 = Release|Any CPU
		{FEA2619C-65BB-4DF7-A8CC-E71CEB2724A1}.Release|x64.ActiveCfg = Release|Any CPU
		{FEA2619C-65BB-4DF7-A8CC-E71CEB2724A1}.Release|x64.Build.0 = Release|Any CPU
		{34147E51-92DA-403C-84B2-14951A7D4BAD}.Debug|Any CPU.ActiveCfg = Debug|Any CPU
		{34147E51-92DA-403C-84B2-14951A7D4BAD}.Debug|Any CPU.Build.0 = Debug|Any CPU
		{34147E51-92DA-403C-84B2-14951A7D4BAD}.Debug|x64.ActiveCfg = Debug|Any CPU
		{34147E51-92DA-403C-84B2-14951A7D4BAD}.Debug|x64.Build.0 = Debug|Any CPU
		{34147E51-92DA-403C-84B2-14951A7D4BAD}.Release|Any CPU.ActiveCfg = Release|Any CPU
		{34147E51-92DA-403C-84B2-14951A7D4BAD}.Release|Any CPU.Build.0 = Release|Any CPU
		{34147E51-92DA-403C-84B2-14951A7D4BAD}.Release|x64.ActiveCfg = Release|Any CPU
		{34147E51-92DA-403C-84B2-14951A7D4BAD}.Release|x64.Build.0 = Release|Any CPU
	EndGlobalSection
	GlobalSection(SolutionProperties) = preSolution
		HideSolutionNode = FALSE
	EndGlobalSection
	GlobalSection(ExtensibilityGlobals) = postSolution
		SolutionGuid = {6AB83EFC-B669-48BD-82EC-76A9A2F351E7}
	EndGlobalSection
EndGlobal
